{
  "name": "livetemplates-documentation-builder",
  "version": "1.0.0",
  "lockfileVersion": 1,
  "requires": true,
  "dependencies": {
    "bindings": {
      "version": "1.3.0",
      "resolved": "https://registry.npmjs.org/bindings/-/bindings-1.3.0.tgz",
      "integrity": "sha512-DpLh5EzMR2kzvX1KIlVC0VkC3iZtHKTgdtZ0a3pglBZdaQFjt5S9g9xd1lE+YvXyfd6mtCeRnrUfOLYiTMlNSw=="
    },
    "hoek": {
      "version": "4.2.1",
      "resolved": "https://registry.npmjs.org/hoek/-/hoek-4.2.1.tgz",
      "integrity": "sha512-QLg82fGkfnJ/4iy1xZ81/9SIJiq1NGFUMGs6ParyjBZr6jW2Ufj/snDqTHixNlHdPNwN2RLVD0Pi3igeK9+JfA=="
    },
    "isemail": {
      "version": "3.1.1",
      "resolved": "https://registry.npmjs.org/isemail/-/isemail-3.1.1.tgz",
      "integrity": "sha512-mVjAjvdPkpwXW61agT2E9AkGoegZO7SdJGCezWwxnETL58f5KwJ4vSVAMBUL5idL6rTlYAIGkX3n4suiviMLNw==",
      "requires": {
        "punycode": "2.1.0"
      }
    },
    "joi": {
      "version": "13.1.2",
      "resolved": "https://registry.npmjs.org/joi/-/joi-13.1.2.tgz",
      "integrity": "sha512-bZZSQYW5lPXenOfENvgCBPb9+H6E6MeNWcMtikI04fKphj5tvFL9TOb+H2apJzbCrRw/jebjTH8z6IHLpBytGg==",
      "requires": {
        "hoek": "5.0.3",
        "isemail": "3.1.1",
        "topo": "3.0.0"
      },
      "dependencies": {
        "hoek": {
          "version": "5.0.3",
          "resolved": "https://registry.npmjs.org/hoek/-/hoek-5.0.3.tgz",
          "integrity": "sha512-Bmr56pxML1c9kU+NS51SMFkiVQAb+9uFfXwyqR2tn4w2FPvmPt65eZ9aCcEfRXd9G74HkZnILC6p967pED4aiw=="
        }
      }
    },
    "minimist": {
      "version": "0.0.8",
      "resolved": "https://registry.npmjs.org/minimist/-/minimist-0.0.8.tgz",
      "integrity": "sha1-hX/Kv8M5fSYluCKCYuhqp6ARsF0="
    },
    "mkdirp": {
      "version": "0.5.1",
      "resolved": "https://registry.npmjs.org/mkdirp/-/mkdirp-0.5.1.tgz",
      "integrity": "sha1-MAV0OOrGz3+MR2fzhkjWaX11yQM=",
      "requires": {
        "minimist": "0.0.8"
      }
    },
    "nan": {
      "version": "2.10.0",
      "resolved": "https://registry.npmjs.org/nan/-/nan-2.10.0.tgz",
      "integrity": "sha512-bAdJv7fBLhWC+/Bls0Oza+mvTaNQtP+1RyhhhvD95pgUJz6XM5IzgmxOkItJ9tkoCiplvAnXI1tNmmUD/eScyA=="
    },
    "node-expat": {
      "version": "2.3.16",
      "resolved": "https://registry.npmjs.org/node-expat/-/node-expat-2.3.16.tgz",
      "integrity": "sha512-e3HyQI0lk5CXyYQ4RsDYGiWdY5LJxNMlNCzo4/gwqY8lhYIeTf5VwGirGDa1EPrcZROmOR37wHuFVnoHmOWnOw==",
      "requires": {
        "bindings": "1.3.0",
        "nan": "2.10.0"
      }
    },
    "punycode": {
      "version": "2.1.0",
      "resolved": "https://registry.npmjs.org/punycode/-/punycode-2.1.0.tgz",
      "integrity": "sha1-X4Y+3Im5bbCQdLrXlHvwkFbKTn0="
    },
    "topo": {
      "version": "3.0.0",
      "resolved": "https://registry.npmjs.org/topo/-/topo-3.0.0.tgz",
      "integrity": "sha512-Tlu1fGlR90iCdIPURqPiufqAlCZYzLjHYVVbcFWDMcX7+tK8hdZWAfsMrD/pBul9jqHHwFjNdf1WaxA9vTRRhw==",
      "requires": {
        "hoek": "5.0.3"
      },
      "dependencies": {
        "hoek": {
          "version": "5.0.3",
          "resolved": "https://registry.npmjs.org/hoek/-/hoek-5.0.3.tgz",
          "integrity": "sha512-Bmr56pxML1c9kU+NS51SMFkiVQAb+9uFfXwyqR2tn4w2FPvmPt65eZ9aCcEfRXd9G74HkZnILC6p967pED4aiw=="
        }
      }
    },
    "xml2json": {
      "version": "0.11.2",
      "resolved": "https://registry.npmjs.org/xml2json/-/xml2json-0.11.2.tgz",
      "integrity": "sha512-ZJpHpPOL0T5lOvAHMnWm59iQOPqNtam5t2TMUllWZ1k5Wm8L5YyvQnkeaVnRKCvDwY5EumqXWyOjjMdQVz272A==",
      "requires": {
        "hoek": "4.2.1",
        "joi": "13.1.2",
        "node-expat": "2.3.16"
      }
    }
  }
}
